
Microsoft Visual Studio Solution File, Format Version 12.00
# Visual Studio Version 16
VisualStudioVersion = 16.0.31205.134
MinimumVisualStudioVersion = 10.0.40219.1
Project("{8BC9CEB8-8B4A-11D0-8D11-00A0C91BC942}") = "mario", "mario.vcxproj", "{359E1D70-7CB2-4D7D-8C7A-EFBE2B65B4D6}"
EndProject
Global
	GlobalSection(SolutionConfigurationPlatforms) = preSolution
		Debug|x64 = Debug|x64
		Debug|x86 = Debug|x86
		Release|x64 = Release|x64
		Release|x86 = Release|x86
	EndGlobalSection
	GlobalSection(ProjectConfigurationPlatforms) = postSolution
		{359E1D70-7CB2-4D7D-8C7A-EFBE2B65B4D6}.Debug|x64.ActiveCfg = Debug|x64
		{359E1D70-7CB2-4D7D-8C7A-EFBE2B65B4D6}.Debug|x64.Build.0 = Debug|x64
		{359E1D70-7CB2-4D7D-8C7A-EFBE2B65B4D6}.Debug|x86.ActiveCfg = Debug|Win32
		{359E1D70-7CB2-4D7D-8C7A-EFBE2B65B4D6}.Debug|x86.Build.0 = Debug|Win32
		{359E1D70-7CB2-4D7D-8C7A-EFBE2B65B4D6}.Release|x64.ActiveCfg = Release|x64
		{359E1D70-7CB2-4D7D-8C7A-EFBE2B65B4D6}.Release|x64.Build.0 = Release|x64
		{359E1D70-7CB2-4D7D-8C7A-EFBE2B65B4D6}.Release|x86.ActiveCfg = Release|Win32
		{359E1D70-7CB2-4D7D-8C7A-EFBE2B65B4D6}.Release|x86.Build.0 = Release|Win32
	EndGlobalSection
	GlobalSection(SolutionProperties) = preSolution
		HideSolutionNode = FALSE
	EndGlobalSection
	GlobalSection(ExtensibilityGlobals) = postSolution
		SolutionGuid = {3E0F99F9-688C-463B-BEF2-2788129E8FFD}
	EndGlobalSection
EndGlobal
